
Microsoft Visual Studio Solution File, Format Version 12.00
# Visual Studio Version 17
VisualStudioVersion = 17.8.34525.116
MinimumVisualStudioVersion = 10.0.40219.1
Project("{9A19103F-16F7-4668-BE54-9A1E7A4F7556}") = "App.DAL", "App.DAL\App.DAL.csproj", "{10E80D0D-8A96-461B-8ED9-FDAF0D2E077B}"
EndProject
Project("{9A19103F-16F7-4668-BE54-9A1E7A4F7556}") = "App.PL", "App.PL\App.PL.csproj", "{0DB62DED-4399-4234-A468-BF776A6AE339}"
EndProject
Project("{9A19103F-16F7-4668-BE54-9A1E7A4F7556}") = "App.BLL", "App.BLL\App.BLL.csproj", "{A571CE38-C818-4F2B-B304-F3BBA3C8CCE3}"
EndProject
Project("{9A19103F-16F7-4668-BE54-9A1E7A4F7556}") = "App.Models", "App.Models\App.Models.csproj", "{95C9C65C-0045-4016-B093-B4E5FF7A9DB8}"
EndProject
Global
	GlobalSection(SolutionConfigurationPlatforms) = preSolution
		Debug|Any CPU = Debug|Any CPU
		Debug|x64 = Debug|x64
		Release|Any CPU = Release|Any CPU
		Release|x64 = Release|x64
	EndGlobalSection
	GlobalSection(ProjectConfigurationPlatforms) = postSolution
		{10E80D0D-8A96-461B-8ED9-FDAF0D2E077B}.Debug|Any CPU.ActiveCfg = Debug|Any CPU
		{10E80D0D-8A96-461B-8ED9-FDAF0D2E077B}.Debug|Any CPU.Build.0 = Debug|Any CPU
		{10E80D0D-8A96-461B-8ED9-FDAF0D2E077B}.Debug|x64.ActiveCfg = Debug|Any CPU
		{10E80D0D-8A96-461B-8ED9-FDAF0D2E077B}.Debug|x64.Build.0 = Debug|Any CPU
		{10E80D0D-8A96-461B-8ED9-FDAF0D2E077B}.Release|Any CPU.ActiveCfg = Release|Any CPU
		{10E80D0D-8A96-461B-8ED9-FDAF0D2E077B}.Release|Any CPU.Build.0 = Release|Any CPU
		{10E80D0D-8A96-461B-8ED9-FDAF0D2E077B}.Release|x64.ActiveCfg = Release|Any CPU
		{10E80D0D-8A96-461B-8ED9-FDAF0D2E077B}.Release|x64.Build.0 = Release|Any CPU
		{0DB62DED-4399-4234-A468-BF776A6AE339}.Debug|Any CPU.ActiveCfg = Debug|Any CPU
		{0DB62DED-4399-4234-A468-BF776A6AE339}.Debug|Any CPU.Build.0 = Debug|Any CPU
		{0DB62DED-4399-4234-A468-BF776A6AE339}.Debug|x64.ActiveCfg = Debug|Any CPU
		{0DB62DED-4399-4234-A468-BF776A6AE339}.Debug|x64.Build.0 = Debug|Any CPU
		{0DB62DED-4399-4234-A468-BF776A6AE339}.Release|Any CPU.ActiveCfg = Release|Any CPU
		{0DB62DED-4399-4234-A468-BF776A6AE339}.Release|Any CPU.Build.0 = Release|Any CPU
		{0DB62DED-4399-4234-A468-BF776A6AE339}.Release|x64.ActiveCfg = Release|Any CPU
		{0DB62DED-4399-4234-A468-BF776A6AE339}.Release|x64.Build.0 = Release|Any CPU
		{A571CE38-C818-4F2B-B304-F3BBA3C8CCE3}.Debug|Any CPU.ActiveCfg = Debug|Any CPU
		{A571CE38-C818-4F2B-B304-F3BBA3C8CCE3}.Debug|Any CPU.Build.0 = Debug|Any CPU
		{A571CE38-C818-4F2B-B304-F3BBA3C8CCE3}.Debug|x64.ActiveCfg = Debug|Any CPU
		{A571CE38-C818-4F2B-B304-F3BBA3C8CCE3}.Debug|x64.Build.0 = Debug|Any CPU
		{A571CE38-C818-4F2B-B304-F3BBA3C8CCE3}.Release|Any CPU.ActiveCfg = Release|Any CPU
		{A571CE38-C818-4F2B-B304-F3BBA3C8CCE3}.Release|Any CPU.Build.0 = Release|Any CPU
		{A571CE38-C818-4F2B-B304-F3BBA3C8CCE3}.Release|x64.ActiveCfg = Release|Any CPU
		{A571CE38-C818-4F2B-B304-F3BBA3C8CCE3}.Release|x64.Build.0 = Release|Any CPU
		{95C9C65C-0045-4016-B093-B4E5FF7A9DB8}.Debug|Any CPU.ActiveCfg = Debug|Any CPU
		{95C9C65C-0045-4016-B093-B4E5FF7A9DB8}.Debug|Any CPU.Build.0 = Debug|Any CPU
		{95C9C65C-0045-4016-B093-B4E5FF7A9DB8}.Debug|x64.ActiveCfg = Debug|Any CPU
		{95C9C65C-0045-4016-B093-B4E5FF7A9DB8}.Debug|x64.Build.0 = Debug|Any CPU
		{95C9C65C-0045-4016-B093-B4E5FF7A9DB8}.Release|Any CPU.ActiveCfg = Release|Any CPU
		{95C9C65C-0045-4016-B093-B4E5FF7A9DB8}.Release|Any CPU.Build.0 = Release|Any CPU
		{95C9C65C-0045-4016-B093-B4E5FF7A9DB8}.Release|x64.ActiveCfg = Release|Any CPU
		{95C9C65C-0045-4016-B093-B4E5FF7A9DB8}.Release|x64.Build.0 = Release|Any CPU
	EndGlobalSection
	GlobalSection(SolutionProperties) = preSolution
		HideSolutionNode = FALSE
	EndGlobalSection
	GlobalSection(ExtensibilityGlobals) = postSolution
		SolutionGuid = {8A466B87-287B-4C2D-9FEF-43A1AC5D1ACD}
	EndGlobalSection
EndGlobal
