
Microsoft Visual Studio Solution File, Format Version 12.00
# Visual Studio Version 17
VisualStudioVersion = 17.8.34525.116
MinimumVisualStudioVersion = 10.0.40219.1
Project("{FAE04EC0-301F-11D3-BF4B-00C04F79EFBC}") = "MySite", "MySite.csproj", "{732D9885-2C3C-4C64-9801-8335CB838512}"
EndProject
Global
	GlobalSection(SolutionConfigurationPlatforms) = preSolution
		Debug|Any CPU = Debug|Any CPU
		Release|Any CPU = Release|Any CPU
	EndGlobalSection
	GlobalSection(ProjectConfigurationPlatforms) = postSolution
		{732D9885-2C3C-4C64-9801-8335CB838512}.Debug|Any CPU.ActiveCfg = Debug|Any CPU
		{732D9885-2C3C-4C64-9801-8335CB838512}.Debug|Any CPU.Build.0 = Debug|Any CPU
		{732D9885-2C3C-4C64-9801-8335CB838512}.Release|Any CPU.ActiveCfg = Release|Any CPU
		{732D9885-2C3C-4C64-9801-8335CB838512}.Release|Any CPU.Build.0 = Release|Any CPU
	EndGlobalSection
	GlobalSection(SolutionProperties) = preSolution
		HideSolutionNode = FALSE
	EndGlobalSection
	GlobalSection(ExtensibilityGlobals) = postSolution
		SolutionGuid = {E570712C-1075-4F5E-B357-499789FD0A5E}
	EndGlobalSection
EndGlobal
